
Microsoft Visual Studio Solution File, Format Version 12.00
# Visual Studio Version 17
VisualStudioVersion = 17.5.33516.290
MinimumVisualStudioVersion = 10.0.40219.1
Project("{FAE04EC0-301F-11D3-BF4B-00C04F79EFBC}") = "POO-estructura", "POO-estructura\POO-estructura.csproj", "{513AC05C-985C-4DC3-B450-9705AC4F81CE}"
EndProject
Global
	GlobalSection(SolutionConfigurationPlatforms) = preSolution
		Debug|Any CPU = Debug|Any CPU
		Release|Any CPU = Release|Any CPU
	EndGlobalSection
	GlobalSection(ProjectConfigurationPlatforms) = postSolution
		{513AC05C-985C-4DC3-B450-9705AC4F81CE}.Debug|Any CPU.ActiveCfg = Debug|Any CPU
		{513AC05C-985C-4DC3-B450-9705AC4F81CE}.Debug|Any CPU.Build.0 = Debug|Any CPU
		{513AC05C-985C-4DC3-B450-9705AC4F81CE}.Release|Any CPU.ActiveCfg = Release|Any CPU
		{513AC05C-985C-4DC3-B450-9705AC4F81CE}.Release|Any CPU.Build.0 = Release|Any CPU
	EndGlobalSection
	GlobalSection(SolutionProperties) = preSolution
		HideSolutionNode = FALSE
	EndGlobalSection
	GlobalSection(ExtensibilityGlobals) = postSolution
		SolutionGuid = {BE8D178A-160A-491A-A616-4C6EB199AE99}
	EndGlobalSection
EndGlobal
